
Microsoft Visual Studio Solution File, Format Version 12.00
# Visual Studio Version 17
VisualStudioVersion = 17.9.34407.89
MinimumVisualStudioVersion = 10.0.40219.1
Project("{FAE04EC0-301F-11D3-BF4B-00C04F79EFBC}") = "IFrameSignalR", "IFrameSignalR.csproj", "{55070842-9D79-4563-AD90-17305C863CE9}"
EndProject
Global
	GlobalSection(SolutionConfigurationPlatforms) = preSolution
		Debug|Any CPU = Debug|Any CPU
		Release|Any CPU = Release|Any CPU
	EndGlobalSection
	GlobalSection(ProjectConfigurationPlatforms) = postSolution
		{55070842-9D79-4563-AD90-17305C863CE9}.Debug|Any CPU.ActiveCfg = Debug|Any CPU
		{55070842-9D79-4563-AD90-17305C863CE9}.Debug|Any CPU.Build.0 = Debug|Any CPU
		{55070842-9D79-4563-AD90-17305C863CE9}.Release|Any CPU.ActiveCfg = Release|Any CPU
		{55070842-9D79-4563-AD90-17305C863CE9}.Release|Any CPU.Build.0 = Release|Any CPU
	EndGlobalSection
	GlobalSection(SolutionProperties) = preSolution
		HideSolutionNode = FALSE
	EndGlobalSection
	GlobalSection(ExtensibilityGlobals) = postSolution
		SolutionGuid = {4B7D594F-813E-4927-94DB-C055FA77AB7A}
	EndGlobalSection
EndGlobal
